
Microsoft Visual Studio Solution File, Format Version 12.00
# Visual Studio Version 17
VisualStudioVersion = 17.10.35027.167
MinimumVisualStudioVersion = 10.0.40219.1
Project("{2150E333-8FDC-42A3-9474-1A3956D46DE8}") = "src", "src", "{D01FA748-198E-4BC1-A139-BA9EA4C26A85}"
EndProject
Project("{2150E333-8FDC-42A3-9474-1A3956D46DE8}") = "Core", "Core", "{9014E246-B6D1-4DDF-B7FA-468186EF68AB}"
EndProject
Project("{2150E333-8FDC-42A3-9474-1A3956D46DE8}") = "Tests", "Tests", "{5A06252B-6314-4716-8D0D-15C2D5E7B85F}"
EndProject
Project("{2150E333-8FDC-42A3-9474-1A3956D46DE8}") = "Services", "Services", "{F79E57A5-BF90-4B2C-B4E6-DEE0DD91543C}"
EndProject
Project("{2150E333-8FDC-42A3-9474-1A3956D46DE8}") = "Aspire", "Aspire", "{11ECC788-B486-4378-ADB9-88E8496F4CB8}"
EndProject
Project("{2150E333-8FDC-42A3-9474-1A3956D46DE8}") = "ApiGateways", "ApiGateways", "{0C777C9D-9E1C-4512-81DD-3FF1E8FE5E97}"
EndProject
Project("{9A19103F-16F7-4668-BE54-9A1E7A4F7556}") = "BestDigiSellerApp.Aspire.AppHost", "BestDigiSellerApp.Aspire\BestDigiSellerApp.Aspire.AppHost\BestDigiSellerApp.Aspire.AppHost.csproj", "{BDF09C88-C393-4334-B56E-F22DDB3EEBB1}"
EndProject
Project("{9A19103F-16F7-4668-BE54-9A1E7A4F7556}") = "BestDigiSellerApp.Aspire.ServiceDefaults", "BestDigiSellerApp.Aspire\BestDigiSellerApp.Aspire.ServiceDefaults\BestDigiSellerApp.Aspire.ServiceDefaults.csproj", "{224303FE-1A02-4336-95C4-7561C131A42A}"
EndProject
Project("{9A19103F-16F7-4668-BE54-9A1E7A4F7556}") = "BestDigiSellerApp.Core", "BestDigiSellerApp.Core\BestDigiSellerApp.Core.csproj", "{DB8607B6-CC3F-4F50-B3CF-09A2DEB0EC39}"
EndProject
Project("{2150E333-8FDC-42A3-9474-1A3956D46DE8}") = "Stripe", "Stripe", "{79862A2F-C94E-4578-8AB6-8EC1525BA033}"
EndProject
Project("{2150E333-8FDC-42A3-9474-1A3956D46DE8}") = "User", "User", "{E8F1A16B-1DD2-4447-8EC1-BC1917368A91}"
EndProject
Project("{2150E333-8FDC-42A3-9474-1A3956D46DE8}") = "Product", "Product", "{6F1BC0CA-D48A-477B-A020-3705A057BD99}"
EndProject
Project("{2150E333-8FDC-42A3-9474-1A3956D46DE8}") = "File", "File", "{B870EC59-8CAE-455D-A1CC-9053B1C11E40}"
EndProject
Project("{2150E333-8FDC-42A3-9474-1A3956D46DE8}") = "Discount", "Discount", "{D3861D5A-2CD2-46C5-A0D0-3C2B6E58DC2A}"
EndProject
Project("{9A19103F-16F7-4668-BE54-9A1E7A4F7556}") = "BestDigiSellerApp.Ocelot", "BestDigiSellerApp.Ocelot\BestDigiSellerApp.Ocelot.csproj", "{1C5520FF-F122-4129-B291-39D0867198AF}"
EndProject
Project("{9A19103F-16F7-4668-BE54-9A1E7A4F7556}") = "BestDigiSellerApp.Discount.Test", "BestDigiSellerApp.Discount.Test\BestDigiSellerApp.Discount.Test.csproj", "{0F31B1A4-AEDB-49C4-905F-EFE68196D6BE}"
EndProject
Project("{9A19103F-16F7-4668-BE54-9A1E7A4F7556}") = "BestDigiSellerApp.File.Test", "BestDigiSellerApp.File.Test\BestDigiSellerApp.File.Test.csproj", "{B17DC8F1-90FB-4D43-8D49-00F6FC1848A5}"
EndProject
Project("{9A19103F-16F7-4668-BE54-9A1E7A4F7556}") = "BestDigiSellerApp.Product.Test", "BestDigiSellerApp.Product.Test\BestDigiSellerApp.Product.Test.csproj", "{3135B01C-A8DD-4AB1-A734-513AEF722BD3}"
EndProject
Project("{9A19103F-16F7-4668-BE54-9A1E7A4F7556}") = "BestDigiSellerApp.User.Test", "BestDigiSellerApp.User.Test\BestDigiSellerApp.User.Test.csproj", "{AB7897B0-67BA-4911-8BF8-F19F6E4419C1}"
EndProject
Project("{9A19103F-16F7-4668-BE54-9A1E7A4F7556}") = "BestDigiSellerApp.Stripe.Test", "BestDigiSellerApp.Stripe.Test\BestDigiSellerApp.Stripe.Test.csproj", "{4CA4E95B-B094-45F6-9918-4323876ACCBD}"
EndProject
Project("{9A19103F-16F7-4668-BE54-9A1E7A4F7556}") = "BestDigiSellerApp.Discount.Api", "BestDigiSellerApp.Discount.Api\BestDigiSellerApp.Discount.Api.csproj", "{0D2097EE-0CB9-4CA7-88D7-B06FB67D7669}"
EndProject
Project("{9A19103F-16F7-4668-BE54-9A1E7A4F7556}") = "BestDigiSellerApp.File.Api", "BestDigiSellerApp.File.Api\BestDigiSellerApp.File.Api.csproj", "{50D0BB5A-A5BB-4020-BF6C-783AF0ADBC85}"
EndProject
Project("{9A19103F-16F7-4668-BE54-9A1E7A4F7556}") = "BestDigiSellerApp.Product.Api", "BestDigiSellerApp.Product.Api\BestDigiSellerApp.Product.Api.csproj", "{D69DBD09-5D4F-4394-87DD-D89E3BA7C0C3}"
EndProject
Project("{9A19103F-16F7-4668-BE54-9A1E7A4F7556}") = "BestDigiSellerApp.Stripe.Api", "BestDigiSellerApp.Stripe.Api\BestDigiSellerApp.Stripe.Api.csproj", "{8D6D3D79-A5F1-42F7-9DDC-0270F769ADAC}"
EndProject
Project("{9A19103F-16F7-4668-BE54-9A1E7A4F7556}") = "BestDigiSellerApp.User.Api", "BestDigiSellerApp.User.Api\BestDigiSellerApp.User.Api.csproj", "{D61CB804-787F-48D6-BAFF-B882622F9654}"
EndProject
Project("{9A19103F-16F7-4668-BE54-9A1E7A4F7556}") = "BestDigiSellerApp.Discount.Entity", "BestDigiSellerApp.Discount.Entity\BestDigiSellerApp.Discount.Entity.csproj", "{E834B35B-6E59-49E9-8BCD-A22EE8AC1DAC}"
EndProject
Project("{9A19103F-16F7-4668-BE54-9A1E7A4F7556}") = "BestDigiSellerApp.File.Entity", "BestDigiSellerApp.File.Entity\BestDigiSellerApp.File.Entity.csproj", "{893DFAFD-0219-4144-9B94-A9231F62B480}"
EndProject
Project("{9A19103F-16F7-4668-BE54-9A1E7A4F7556}") = "BestDigiSellerApp.Product.Entity", "BestDigiSellerApp.Product.Entity\BestDigiSellerApp.Product.Entity.csproj", "{D00C2800-6321-4F1E-9C6F-12DA8CE261A0}"
EndProject
Project("{9A19103F-16F7-4668-BE54-9A1E7A4F7556}") = "BestDigiSellerApp.Stripe.Entity", "BestDigiSellerApp.Stripe.Entity\BestDigiSellerApp.Stripe.Entity.csproj", "{E9850FF9-EFC4-45C8-94FD-E13F8C1EC621}"
EndProject
Project("{9A19103F-16F7-4668-BE54-9A1E7A4F7556}") = "BestDigiSellerApp.User.Entity", "BestDigiSellerApp.User.Entity\BestDigiSellerApp.User.Entity.csproj", "{5819C34E-DB57-47F3-8235-CA8F24F9355C}"
EndProject
Project("{9A19103F-16F7-4668-BE54-9A1E7A4F7556}") = "BestDigiSellerApp.Product.Data", "BestDigiSellerApp.Product.Data\BestDigiSellerApp.Product.Data.csproj", "{9C33B734-04E4-4EEA-8406-035182ABA3CC}"
EndProject
Project("{9A19103F-16F7-4668-BE54-9A1E7A4F7556}") = "BestDigiSellerApp.Stripe.Data", "BestDigiSellerApp.Stripe.Data\BestDigiSellerApp.Stripe.Data.csproj", "{807C4906-32EA-4387-AB41-C26B2EE94EB7}"
EndProject
Project("{9A19103F-16F7-4668-BE54-9A1E7A4F7556}") = "BestDigiSellerApp.User.Data", "BestDigiSellerApp.User.Data\BestDigiSellerApp.User.Data.csproj", "{E564086C-47EE-4942-85AC-C6BF6EEAE64E}"
EndProject
Project("{9A19103F-16F7-4668-BE54-9A1E7A4F7556}") = "BestDigiSellerApp.Discount.Data", "BestDigiSellerApp.Discount.Data\BestDigiSellerApp.Discount.Data.csproj", "{033419E6-F567-49B3-BED9-7FB0B65B4D0D}"
EndProject
Project("{9A19103F-16F7-4668-BE54-9A1E7A4F7556}") = "BestDigiSellerApp.File.Data", "BestDigiSellerApp.File.Data\BestDigiSellerApp.File.Data.csproj", "{E17F11AC-3824-4CB1-8244-CE590EB58F6D}"
EndProject
Project("{2150E333-8FDC-42A3-9474-1A3956D46DE8}") = "Application", "Application", "{90A13375-976A-4D35-889A-9477FC66AD45}"
EndProject
Project("{2150E333-8FDC-42A3-9474-1A3956D46DE8}") = "Invoice", "Invoice", "{F557DDAA-BD4C-4030-810C-EACFF145662E}"
EndProject
Project("{9A19103F-16F7-4668-BE54-9A1E7A4F7556}") = "BestDigiSellerApp.Invoice.Api", "BestDigiSellerApp.Invoice.Api\BestDigiSellerApp.Invoice.Api.csproj", "{AF396F87-5FBC-463D-8AB9-6406CBB230E6}"
EndProject
Project("{9A19103F-16F7-4668-BE54-9A1E7A4F7556}") = "BestDigiSellerApp.Invoice.Data", "BestDigiSellerApp.Invoice.Data\BestDigiSellerApp.Invoice.Data.csproj", "{60623E83-15F5-49C6-93E5-272E35CD25DC}"
EndProject
Project("{9A19103F-16F7-4668-BE54-9A1E7A4F7556}") = "BestDigiSellerApp.Invoice.Entity", "BestDigiSellerApp.Invoice.Entity\BestDigiSellerApp.Invoice.Entity.csproj", "{D1D97DDA-1234-4DA7-9412-5B3722D55767}"
EndProject
Project("{2150E333-8FDC-42A3-9474-1A3956D46DE8}") = "Basket", "Basket", "{28621008-5627-419D-834E-5D1FDBEA5180}"
EndProject
Project("{9A19103F-16F7-4668-BE54-9A1E7A4F7556}") = "BestDigiSellerApp.Basket.Api", "BestDigiSellerApp.Basket.Api\BestDigiSellerApp.Basket.Api.csproj", "{73E32360-E4E1-4A01-872A-E0E26B4DC0FE}"
EndProject
Project("{9A19103F-16F7-4668-BE54-9A1E7A4F7556}") = "BestDigiSellerApp.Basket.Data", "BestDigiSellerApp.Basket.Data\BestDigiSellerApp.Basket.Data.csproj", "{9392281D-353D-4912-A98C-2E13B745791B}"
EndProject
Project("{9A19103F-16F7-4668-BE54-9A1E7A4F7556}") = "BestDigiSellerApp.Basket.Entity", "BestDigiSellerApp.Basket.Entity\BestDigiSellerApp.Basket.Entity.csproj", "{878915C3-A907-465B-AC80-6F146A7ADE17}"
EndProject
Project("{9A19103F-16F7-4668-BE54-9A1E7A4F7556}") = "BestDigiSellerApp.Invoice.Test", "BestDigiSellerApp.Invoice.Test\BestDigiSellerApp.Invoice.Test.csproj", "{9F355E26-B837-48DA-B32B-E7CD0829CDEA}"
EndProject
Project("{9A19103F-16F7-4668-BE54-9A1E7A4F7556}") = "BestDigiSellerApp.Basket.Test", "BestDigiSellerApp.Basket.Test\BestDigiSellerApp.Basket.Test.csproj", "{F0A5255C-317E-4D42-86C3-EF7522C50B1B}"
EndProject
Project("{2150E333-8FDC-42A3-9474-1A3956D46DE8}") = "JWT", "JWT", "{E1CA5FD5-5449-475B-A69A-026A6B3C03E6}"
EndProject
Project("{9A19103F-16F7-4668-BE54-9A1E7A4F7556}") = "BestDigiSeller.JWT", "BestDigiSeller.JWT\BestDigiSeller.JWT.csproj", "{E3C9EA18-F3B5-4E39-89AB-020A3CC366EB}"
EndProject
Project("{2150E333-8FDC-42A3-9474-1A3956D46DE8}") = "Wallet", "Wallet", "{2949750E-3F3B-427E-A44F-25ECCC36C3B0}"
EndProject
Project("{9A19103F-16F7-4668-BE54-9A1E7A4F7556}") = "BestDigiSellerApp.Wallet.Api", "BestDigiSellerApp.Wallet.Api\BestDigiSellerApp.Wallet.Api.csproj", "{B9F1CD61-0C33-4B49-BD33-7985D93CD12C}"
EndProject
Project("{9A19103F-16F7-4668-BE54-9A1E7A4F7556}") = "BestDigiSellerApp.Wallet.Data", "BestDigiSellerApp.Wallet.Data\BestDigiSellerApp.Wallet.Data.csproj", "{ACA83C14-513C-40D1-9940-67A97E1662A2}"
EndProject
Project("{9A19103F-16F7-4668-BE54-9A1E7A4F7556}") = "BestDigiSellerApp.Wallet.Entity", "BestDigiSellerApp.Wallet.Entity\BestDigiSellerApp.Wallet.Entity.csproj", "{FB59696F-640B-45C3-A707-D536050F1FC2}"
EndProject
Project("{9A19103F-16F7-4668-BE54-9A1E7A4F7556}") = "BestDigiSellerApp.User.Application", "BestDigiSellerApp.User.Application\BestDigiSellerApp.User.Application.csproj", "{9E1EA788-415E-4341-88E2-65C5BFAF6290}"
EndProject
Project("{9A19103F-16F7-4668-BE54-9A1E7A4F7556}") = "BestDigiSellerApp.Wallet.Application", "BestDigiSellerApp.Wallet.Application\BestDigiSellerApp.Wallet.Application.csproj", "{85C9E015-FB52-4199-AD39-ABA6EF64B0C0}"
EndProject
Project("{FAE04EC0-301F-11D3-BF4B-00C04F79EFBC}") = "BestDigiSellerApp.Stripe.Application", "BestDigiSellerApp.Stripe.Application\BestDigiSellerApp.Stripe.Application.csproj", "{3378A501-7AA5-4BF5-84BD-DF9756F6868B}"
EndProject
Global
	GlobalSection(SolutionConfigurationPlatforms) = preSolution
		Debug|Any CPU = Debug|Any CPU
		Release|Any CPU = Release|Any CPU
	EndGlobalSection
	GlobalSection(ProjectConfigurationPlatforms) = postSolution
		{BDF09C88-C393-4334-B56E-F22DDB3EEBB1}.Debug|Any CPU.ActiveCfg = Debug|Any CPU
		{BDF09C88-C393-4334-B56E-F22DDB3EEBB1}.Debug|Any CPU.Build.0 = Debug|Any CPU
		{BDF09C88-C393-4334-B56E-F22DDB3EEBB1}.Release|Any CPU.ActiveCfg = Release|Any CPU
		{BDF09C88-C393-4334-B56E-F22DDB3EEBB1}.Release|Any CPU.Build.0 = Release|Any CPU
		{224303FE-1A02-4336-95C4-7561C131A42A}.Debug|Any CPU.ActiveCfg = Debug|Any CPU
		{224303FE-1A02-4336-95C4-7561C131A42A}.Debug|Any CPU.Build.0 = Debug|Any CPU
		{224303FE-1A02-4336-95C4-7561C131A42A}.Release|Any CPU.ActiveCfg = Release|Any CPU
		{224303FE-1A02-4336-95C4-7561C131A42A}.Release|Any CPU.Build.0 = Release|Any CPU
		{DB8607B6-CC3F-4F50-B3CF-09A2DEB0EC39}.Debug|Any CPU.ActiveCfg = Debug|Any CPU
		{DB8607B6-CC3F-4F50-B3CF-09A2DEB0EC39}.Debug|Any CPU.Build.0 = Debug|Any CPU
		{DB8607B6-CC3F-4F50-B3CF-09A2DEB0EC39}.Release|Any CPU.ActiveCfg = Release|Any CPU
		{DB8607B6-CC3F-4F50-B3CF-09A2DEB0EC39}.Release|Any CPU.Build.0 = Release|Any CPU
		{1C5520FF-F122-4129-B291-39D0867198AF}.Debug|Any CPU.ActiveCfg = Debug|Any CPU
		{1C5520FF-F122-4129-B291-39D0867198AF}.Debug|Any CPU.Build.0 = Debug|Any CPU
		{1C5520FF-F122-4129-B291-39D0867198AF}.Release|Any CPU.ActiveCfg = Release|Any CPU
		{1C5520FF-F122-4129-B291-39D0867198AF}.Release|Any CPU.Build.0 = Release|Any CPU
		{0F31B1A4-AEDB-49C4-905F-EFE68196D6BE}.Debug|Any CPU.ActiveCfg = Debug|Any CPU
		{0F31B1A4-AEDB-49C4-905F-EFE68196D6BE}.Debug|Any CPU.Build.0 = Debug|Any CPU
		{0F31B1A4-AEDB-49C4-905F-EFE68196D6BE}.Release|Any CPU.ActiveCfg = Release|Any CPU
		{0F31B1A4-AEDB-49C4-905F-EFE68196D6BE}.Release|Any CPU.Build.0 = Release|Any CPU
		{B17DC8F1-90FB-4D43-8D49-00F6FC1848A5}.Debug|Any CPU.ActiveCfg = Debug|Any CPU
		{B17DC8F1-90FB-4D43-8D49-00F6FC1848A5}.Debug|Any CPU.Build.0 = Debug|Any CPU
		{B17DC8F1-90FB-4D43-8D49-00F6FC1848A5}.Release|Any CPU.ActiveCfg = Release|Any CPU
		{B17DC8F1-90FB-4D43-8D49-00F6FC1848A5}.Release|Any CPU.Build.0 = Release|Any CPU
		{3135B01C-A8DD-4AB1-A734-513AEF722BD3}.Debug|Any CPU.ActiveCfg = Debug|Any CPU
		{3135B01C-A8DD-4AB1-A734-513AEF722BD3}.Debug|Any CPU.Build.0 = Debug|Any CPU
		{3135B01C-A8DD-4AB1-A734-513AEF722BD3}.Release|Any CPU.ActiveCfg = Release|Any CPU
		{3135B01C-A8DD-4AB1-A734-513AEF722BD3}.Release|Any CPU.Build.0 = Release|Any CPU
		{AB7897B0-67BA-4911-8BF8-F19F6E4419C1}.Debug|Any CPU.ActiveCfg = Debug|Any CPU
		{AB7897B0-67BA-4911-8BF8-F19F6E4419C1}.Debug|Any CPU.Build.0 = Debug|Any CPU
		{AB7897B0-67BA-4911-8BF8-F19F6E4419C1}.Release|Any CPU.ActiveCfg = Release|Any CPU
		{AB7897B0-67BA-4911-8BF8-F19F6E4419C1}.Release|Any CPU.Build.0 = Release|Any CPU
		{4CA4E95B-B094-45F6-9918-4323876ACCBD}.Debug|Any CPU.ActiveCfg = Debug|Any CPU
		{4CA4E95B-B094-45F6-9918-4323876ACCBD}.Debug|Any CPU.Build.0 = Debug|Any CPU
		{4CA4E95B-B094-45F6-9918-4323876ACCBD}.Release|Any CPU.ActiveCfg = Release|Any CPU
		{4CA4E95B-B094-45F6-9918-4323876ACCBD}.Release|Any CPU.Build.0 = Release|Any CPU
		{0D2097EE-0CB9-4CA7-88D7-B06FB67D7669}.Debug|Any CPU.ActiveCfg = Debug|Any CPU
		{0D2097EE-0CB9-4CA7-88D7-B06FB67D7669}.Debug|Any CPU.Build.0 = Debug|Any CPU
		{0D2097EE-0CB9-4CA7-88D7-B06FB67D7669}.Release|Any CPU.ActiveCfg = Release|Any CPU
		{0D2097EE-0CB9-4CA7-88D7-B06FB67D7669}.Release|Any CPU.Build.0 = Release|Any CPU
		{50D0BB5A-A5BB-4020-BF6C-783AF0ADBC85}.Debug|Any CPU.ActiveCfg = Debug|Any CPU
		{50D0BB5A-A5BB-4020-BF6C-783AF0ADBC85}.Debug|Any CPU.Build.0 = Debug|Any CPU
		{50D0BB5A-A5BB-4020-BF6C-783AF0ADBC85}.Release|Any CPU.ActiveCfg = Release|Any CPU
		{50D0BB5A-A5BB-4020-BF6C-783AF0ADBC85}.Release|Any CPU.Build.0 = Release|Any CPU
		{D69DBD09-5D4F-4394-87DD-D89E3BA7C0C3}.Debug|Any CPU.ActiveCfg = Debug|Any CPU
		{D69DBD09-5D4F-4394-87DD-D89E3BA7C0C3}.Debug|Any CPU.Build.0 = Debug|Any CPU
		{D69DBD09-5D4F-4394-87DD-D89E3BA7C0C3}.Release|Any CPU.ActiveCfg = Release|Any CPU
		{D69DBD09-5D4F-4394-87DD-D89E3BA7C0C3}.Release|Any CPU.Build.0 = Release|Any CPU
		{8D6D3D79-A5F1-42F7-9DDC-0270F769ADAC}.Debug|Any CPU.ActiveCfg = Debug|Any CPU
		{8D6D3D79-A5F1-42F7-9DDC-0270F769ADAC}.Debug|Any CPU.Build.0 = Debug|Any CPU
		{8D6D3D79-A5F1-42F7-9DDC-0270F769ADAC}.Release|Any CPU.ActiveCfg = Release|Any CPU
		{8D6D3D79-A5F1-42F7-9DDC-0270F769ADAC}.Release|Any CPU.Build.0 = Release|Any CPU
		{D61CB804-787F-48D6-BAFF-B882622F9654}.Debug|Any CPU.ActiveCfg = Debug|Any CPU
		{D61CB804-787F-48D6-BAFF-B882622F9654}.Debug|Any CPU.Build.0 = Debug|Any CPU
		{D61CB804-787F-48D6-BAFF-B882622F9654}.Release|Any CPU.ActiveCfg = Release|Any CPU
		{D61CB804-787F-48D6-BAFF-B882622F9654}.Release|Any CPU.Build.0 = Release|Any CPU
		{E834B35B-6E59-49E9-8BCD-A22EE8AC1DAC}.Debug|Any CPU.ActiveCfg = Debug|Any CPU
		{E834B35B-6E59-49E9-8BCD-A22EE8AC1DAC}.Debug|Any CPU.Build.0 = Debug|Any CPU
		{E834B35B-6E59-49E9-8BCD-A22EE8AC1DAC}.Release|Any CPU.ActiveCfg = Release|Any CPU
		{E834B35B-6E59-49E9-8BCD-A22EE8AC1DAC}.Release|Any CPU.Build.0 = Release|Any CPU
		{893DFAFD-0219-4144-9B94-A9231F62B480}.Debug|Any CPU.ActiveCfg = Debug|Any CPU
		{893DFAFD-0219-4144-9B94-A9231F62B480}.Debug|Any CPU.Build.0 = Debug|Any CPU
		{893DFAFD-0219-4144-9B94-A9231F62B480}.Release|Any CPU.ActiveCfg = Release|Any CPU
		{893DFAFD-0219-4144-9B94-A9231F62B480}.Release|Any CPU.Build.0 = Release|Any CPU
		{D00C2800-6321-4F1E-9C6F-12DA8CE261A0}.Debug|Any CPU.ActiveCfg = Debug|Any CPU
		{D00C2800-6321-4F1E-9C6F-12DA8CE261A0}.Debug|Any CPU.Build.0 = Debug|Any CPU
		{D00C2800-6321-4F1E-9C6F-12DA8CE261A0}.Release|Any CPU.ActiveCfg = Release|Any CPU
		{D00C2800-6321-4F1E-9C6F-12DA8CE261A0}.Release|Any CPU.Build.0 = Release|Any CPU
		{E9850FF9-EFC4-45C8-94FD-E13F8C1EC621}.Debug|Any CPU.ActiveCfg = Debug|Any CPU
		{E9850FF9-EFC4-45C8-94FD-E13F8C1EC621}.Debug|Any CPU.Build.0 = Debug|Any CPU
		{E9850FF9-EFC4-45C8-94FD-E13F8C1EC621}.Release|Any CPU.ActiveCfg = Release|Any CPU
		{E9850FF9-EFC4-45C8-94FD-E13F8C1EC621}.Release|Any CPU.Build.0 = Release|Any CPU
		{5819C34E-DB57-47F3-8235-CA8F24F9355C}.Debug|Any CPU.ActiveCfg = Debug|Any CPU
		{5819C34E-DB57-47F3-8235-CA8F24F9355C}.Debug|Any CPU.Build.0 = Debug|Any CPU
		{5819C34E-DB57-47F3-8235-CA8F24F9355C}.Release|Any CPU.ActiveCfg = Release|Any CPU
		{5819C34E-DB57-47F3-8235-CA8F24F9355C}.Release|Any CPU.Build.0 = Release|Any CPU
		{9C33B734-04E4-4EEA-8406-035182ABA3CC}.Debug|Any CPU.ActiveCfg = Debug|Any CPU
		{9C33B734-04E4-4EEA-8406-035182ABA3CC}.Debug|Any CPU.Build.0 = Debug|Any CPU
		{9C33B734-04E4-4EEA-8406-035182ABA3CC}.Release|Any CPU.ActiveCfg = Release|Any CPU
		{9C33B734-04E4-4EEA-8406-035182ABA3CC}.Release|Any CPU.Build.0 = Release|Any CPU
		{807C4906-32EA-4387-AB41-C26B2EE94EB7}.Debug|Any CPU.ActiveCfg = Debug|Any CPU
		{807C4906-32EA-4387-AB41-C26B2EE94EB7}.Debug|Any CPU.Build.0 = Debug|Any CPU
		{807C4906-32EA-4387-AB41-C26B2EE94EB7}.Release|Any CPU.ActiveCfg = Release|Any CPU
		{807C4906-32EA-4387-AB41-C26B2EE94EB7}.Release|Any CPU.Build.0 = Release|Any CPU
		{E564086C-47EE-4942-85AC-C6BF6EEAE64E}.Debug|Any CPU.ActiveCfg = Debug|Any CPU
		{E564086C-47EE-4942-85AC-C6BF6EEAE64E}.Debug|Any CPU.Build.0 = Debug|Any CPU
		{E564086C-47EE-4942-85AC-C6BF6EEAE64E}.Release|Any CPU.ActiveCfg = Release|Any CPU
		{E564086C-47EE-4942-85AC-C6BF6EEAE64E}.Release|Any CPU.Build.0 = Release|Any CPU
		{033419E6-F567-49B3-BED9-7FB0B65B4D0D}.Debug|Any CPU.ActiveCfg = Debug|Any CPU
		{033419E6-F567-49B3-BED9-7FB0B65B4D0D}.Debug|Any CPU.Build.0 = Debug|Any CPU
		{033419E6-F567-49B3-BED9-7FB0B65B4D0D}.Release|Any CPU.ActiveCfg = Release|Any CPU
		{033419E6-F567-49B3-BED9-7FB0B65B4D0D}.Release|Any CPU.Build.0 = Release|Any CPU
		{E17F11AC-3824-4CB1-8244-CE590EB58F6D}.Debug|Any CPU.ActiveCfg = Debug|Any CPU
		{E17F11AC-3824-4CB1-8244-CE590EB58F6D}.Debug|Any CPU.Build.0 = Debug|Any CPU
		{E17F11AC-3824-4CB1-8244-CE590EB58F6D}.Release|Any CPU.ActiveCfg = Release|Any CPU
		{E17F11AC-3824-4CB1-8244-CE590EB58F6D}.Release|Any CPU.Build.0 = Release|Any CPU
		{AF396F87-5FBC-463D-8AB9-6406CBB230E6}.Debug|Any CPU.ActiveCfg = Debug|Any CPU
		{AF396F87-5FBC-463D-8AB9-6406CBB230E6}.Debug|Any CPU.Build.0 = Debug|Any CPU
		{AF396F87-5FBC-463D-8AB9-6406CBB230E6}.Release|Any CPU.ActiveCfg = Release|Any CPU
		{AF396F87-5FBC-463D-8AB9-6406CBB230E6}.Release|Any CPU.Build.0 = Release|Any CPU
		{60623E83-15F5-49C6-93E5-272E35CD25DC}.Debug|Any CPU.ActiveCfg = Debug|Any CPU
		{60623E83-15F5-49C6-93E5-272E35CD25DC}.Debug|Any CPU.Build.0 = Debug|Any CPU
		{60623E83-15F5-49C6-93E5-272E35CD25DC}.Release|Any CPU.ActiveCfg = Release|Any CPU
		{60623E83-15F5-49C6-93E5-272E35CD25DC}.Release|Any CPU.Build.0 = Release|Any CPU
		{D1D97DDA-1234-4DA7-9412-5B3722D55767}.Debug|Any CPU.ActiveCfg = Debug|Any CPU
		{D1D97DDA-1234-4DA7-9412-5B3722D55767}.Debug|Any CPU.Build.0 = Debug|Any CPU
		{D1D97DDA-1234-4DA7-9412-5B3722D55767}.Release|Any CPU.ActiveCfg = Release|Any CPU
		{D1D97DDA-1234-4DA7-9412-5B3722D55767}.Release|Any CPU.Build.0 = Release|Any CPU
		{73E32360-E4E1-4A01-872A-E0E26B4DC0FE}.Debug|Any CPU.ActiveCfg = Debug|Any CPU
		{73E32360-E4E1-4A01-872A-E0E26B4DC0FE}.Debug|Any CPU.Build.0 = Debug|Any CPU
		{73E32360-E4E1-4A01-872A-E0E26B4DC0FE}.Release|Any CPU.ActiveCfg = Release|Any CPU
		{73E32360-E4E1-4A01-872A-E0E26B4DC0FE}.Release|Any CPU.Build.0 = Release|Any CPU
		{9392281D-353D-4912-A98C-2E13B745791B}.Debug|Any CPU.ActiveCfg = Debug|Any CPU
		{9392281D-353D-4912-A98C-2E13B745791B}.Debug|Any CPU.Build.0 = Debug|Any CPU
		{9392281D-353D-4912-A98C-2E13B745791B}.Release|Any CPU.ActiveCfg = Release|Any CPU
		{9392281D-353D-4912-A98C-2E13B745791B}.Release|Any CPU.Build.0 = Release|Any CPU
		{878915C3-A907-465B-AC80-6F146A7ADE17}.Debug|Any CPU.ActiveCfg = Debug|Any CPU
		{878915C3-A907-465B-AC80-6F146A7ADE17}.Debug|Any CPU.Build.0 = Debug|Any CPU
		{878915C3-A907-465B-AC80-6F146A7ADE17}.Release|Any CPU.ActiveCfg = Release|Any CPU
		{878915C3-A907-465B-AC80-6F146A7ADE17}.Release|Any CPU.Build.0 = Release|Any CPU
		{9F355E26-B837-48DA-B32B-E7CD0829CDEA}.Debug|Any CPU.ActiveCfg = Debug|Any CPU
		{9F355E26-B837-48DA-B32B-E7CD0829CDEA}.Debug|Any CPU.Build.0 = Debug|Any CPU
		{9F355E26-B837-48DA-B32B-E7CD0829CDEA}.Release|Any CPU.ActiveCfg = Release|Any CPU
		{9F355E26-B837-48DA-B32B-E7CD0829CDEA}.Release|Any CPU.Build.0 = Release|Any CPU
		{F0A5255C-317E-4D42-86C3-EF7522C50B1B}.Debug|Any CPU.ActiveCfg = Debug|Any CPU
		{F0A5255C-317E-4D42-86C3-EF7522C50B1B}.Debug|Any CPU.Build.0 = Debug|Any CPU
		{F0A5255C-317E-4D42-86C3-EF7522C50B1B}.Release|Any CPU.ActiveCfg = Release|Any CPU
		{F0A5255C-317E-4D42-86C3-EF7522C50B1B}.Release|Any CPU.Build.0 = Release|Any CPU
		{E3C9EA18-F3B5-4E39-89AB-020A3CC366EB}.Debug|Any CPU.ActiveCfg = Debug|Any CPU
		{E3C9EA18-F3B5-4E39-89AB-020A3CC366EB}.Debug|Any CPU.Build.0 = Debug|Any CPU
		{E3C9EA18-F3B5-4E39-89AB-020A3CC366EB}.Release|Any CPU.ActiveCfg = Release|Any CPU
		{E3C9EA18-F3B5-4E39-89AB-020A3CC366EB}.Release|Any CPU.Build.0 = Release|Any CPU
		{B9F1CD61-0C33-4B49-BD33-7985D93CD12C}.Debug|Any CPU.ActiveCfg = Debug|Any CPU
		{B9F1CD61-0C33-4B49-BD33-7985D93CD12C}.Debug|Any CPU.Build.0 = Debug|Any CPU
		{B9F1CD61-0C33-4B49-BD33-7985D93CD12C}.Release|Any CPU.ActiveCfg = Release|Any CPU
		{B9F1CD61-0C33-4B49-BD33-7985D93CD12C}.Release|Any CPU.Build.0 = Release|Any CPU
		{ACA83C14-513C-40D1-9940-67A97E1662A2}.Debug|Any CPU.ActiveCfg = Debug|Any CPU
		{ACA83C14-513C-40D1-9940-67A97E1662A2}.Debug|Any CPU.Build.0 = Debug|Any CPU
		{ACA83C14-513C-40D1-9940-67A97E1662A2}.Release|Any CPU.ActiveCfg = Release|Any CPU
		{ACA83C14-513C-40D1-9940-67A97E1662A2}.Release|Any CPU.Build.0 = Release|Any CPU
		{FB59696F-640B-45C3-A707-D536050F1FC2}.Debug|Any CPU.ActiveCfg = Debug|Any CPU
		{FB59696F-640B-45C3-A707-D536050F1FC2}.Debug|Any CPU.Build.0 = Debug|Any CPU
		{FB59696F-640B-45C3-A707-D536050F1FC2}.Release|Any CPU.ActiveCfg = Release|Any CPU
		{FB59696F-640B-45C3-A707-D536050F1FC2}.Release|Any CPU.Build.0 = Release|Any CPU
		{9E1EA788-415E-4341-88E2-65C5BFAF6290}.Debug|Any CPU.ActiveCfg = Debug|Any CPU
		{9E1EA788-415E-4341-88E2-65C5BFAF6290}.Debug|Any CPU.Build.0 = Debug|Any CPU
		{9E1EA788-415E-4341-88E2-65C5BFAF6290}.Release|Any CPU.ActiveCfg = Release|Any CPU
		{9E1EA788-415E-4341-88E2-65C5BFAF6290}.Release|Any CPU.Build.0 = Release|Any CPU
		{85C9E015-FB52-4199-AD39-ABA6EF64B0C0}.Debug|Any CPU.ActiveCfg = Debug|Any CPU
		{85C9E015-FB52-4199-AD39-ABA6EF64B0C0}.Debug|Any CPU.Build.0 = Debug|Any CPU
		{85C9E015-FB52-4199-AD39-ABA6EF64B0C0}.Release|Any CPU.ActiveCfg = Release|Any CPU
		{85C9E015-FB52-4199-AD39-ABA6EF64B0C0}.Release|Any CPU.Build.0 = Release|Any CPU
		{3378A501-7AA5-4BF5-84BD-DF9756F6868B}.Debug|Any CPU.ActiveCfg = Debug|Any CPU
		{3378A501-7AA5-4BF5-84BD-DF9756F6868B}.Debug|Any CPU.Build.0 = Debug|Any CPU
		{3378A501-7AA5-4BF5-84BD-DF9756F6868B}.Release|Any CPU.ActiveCfg = Release|Any CPU
		{3378A501-7AA5-4BF5-84BD-DF9756F6868B}.Release|Any CPU.Build.0 = Release|Any CPU
	EndGlobalSection
	GlobalSection(SolutionProperties) = preSolution
		HideSolutionNode = FALSE
	EndGlobalSection
	GlobalSection(NestedProjects) = preSolution
		{9014E246-B6D1-4DDF-B7FA-468186EF68AB} = {D01FA748-198E-4BC1-A139-BA9EA4C26A85}
		{5A06252B-6314-4716-8D0D-15C2D5E7B85F} = {D01FA748-198E-4BC1-A139-BA9EA4C26A85}
		{F79E57A5-BF90-4B2C-B4E6-DEE0DD91543C} = {D01FA748-198E-4BC1-A139-BA9EA4C26A85}
		{11ECC788-B486-4378-ADB9-88E8496F4CB8} = {D01FA748-198E-4BC1-A139-BA9EA4C26A85}
		{0C777C9D-9E1C-4512-81DD-3FF1E8FE5E97} = {D01FA748-198E-4BC1-A139-BA9EA4C26A85}
		{BDF09C88-C393-4334-B56E-F22DDB3EEBB1} = {11ECC788-B486-4378-ADB9-88E8496F4CB8}
		{224303FE-1A02-4336-95C4-7561C131A42A} = {11ECC788-B486-4378-ADB9-88E8496F4CB8}
		{DB8607B6-CC3F-4F50-B3CF-09A2DEB0EC39} = {9014E246-B6D1-4DDF-B7FA-468186EF68AB}
		{79862A2F-C94E-4578-8AB6-8EC1525BA033} = {F79E57A5-BF90-4B2C-B4E6-DEE0DD91543C}
		{E8F1A16B-1DD2-4447-8EC1-BC1917368A91} = {F79E57A5-BF90-4B2C-B4E6-DEE0DD91543C}
		{6F1BC0CA-D48A-477B-A020-3705A057BD99} = {F79E57A5-BF90-4B2C-B4E6-DEE0DD91543C}
		{B870EC59-8CAE-455D-A1CC-9053B1C11E40} = {F79E57A5-BF90-4B2C-B4E6-DEE0DD91543C}
		{D3861D5A-2CD2-46C5-A0D0-3C2B6E58DC2A} = {F79E57A5-BF90-4B2C-B4E6-DEE0DD91543C}
		{1C5520FF-F122-4129-B291-39D0867198AF} = {0C777C9D-9E1C-4512-81DD-3FF1E8FE5E97}
		{0F31B1A4-AEDB-49C4-905F-EFE68196D6BE} = {5A06252B-6314-4716-8D0D-15C2D5E7B85F}
		{B17DC8F1-90FB-4D43-8D49-00F6FC1848A5} = {5A06252B-6314-4716-8D0D-15C2D5E7B85F}
		{3135B01C-A8DD-4AB1-A734-513AEF722BD3} = {5A06252B-6314-4716-8D0D-15C2D5E7B85F}
		{AB7897B0-67BA-4911-8BF8-F19F6E4419C1} = {5A06252B-6314-4716-8D0D-15C2D5E7B85F}
		{4CA4E95B-B094-45F6-9918-4323876ACCBD} = {5A06252B-6314-4716-8D0D-15C2D5E7B85F}
		{0D2097EE-0CB9-4CA7-88D7-B06FB67D7669} = {D3861D5A-2CD2-46C5-A0D0-3C2B6E58DC2A}
		{50D0BB5A-A5BB-4020-BF6C-783AF0ADBC85} = {B870EC59-8CAE-455D-A1CC-9053B1C11E40}
		{D69DBD09-5D4F-4394-87DD-D89E3BA7C0C3} = {6F1BC0CA-D48A-477B-A020-3705A057BD99}
		{8D6D3D79-A5F1-42F7-9DDC-0270F769ADAC} = {79862A2F-C94E-4578-8AB6-8EC1525BA033}
		{D61CB804-787F-48D6-BAFF-B882622F9654} = {E8F1A16B-1DD2-4447-8EC1-BC1917368A91}
		{E834B35B-6E59-49E9-8BCD-A22EE8AC1DAC} = {D3861D5A-2CD2-46C5-A0D0-3C2B6E58DC2A}
		{893DFAFD-0219-4144-9B94-A9231F62B480} = {B870EC59-8CAE-455D-A1CC-9053B1C11E40}
		{D00C2800-6321-4F1E-9C6F-12DA8CE261A0} = {6F1BC0CA-D48A-477B-A020-3705A057BD99}
		{E9850FF9-EFC4-45C8-94FD-E13F8C1EC621} = {79862A2F-C94E-4578-8AB6-8EC1525BA033}
		{5819C34E-DB57-47F3-8235-CA8F24F9355C} = {E8F1A16B-1DD2-4447-8EC1-BC1917368A91}
		{9C33B734-04E4-4EEA-8406-035182ABA3CC} = {6F1BC0CA-D48A-477B-A020-3705A057BD99}
		{807C4906-32EA-4387-AB41-C26B2EE94EB7} = {79862A2F-C94E-4578-8AB6-8EC1525BA033}
		{E564086C-47EE-4942-85AC-C6BF6EEAE64E} = {E8F1A16B-1DD2-4447-8EC1-BC1917368A91}
		{033419E6-F567-49B3-BED9-7FB0B65B4D0D} = {D3861D5A-2CD2-46C5-A0D0-3C2B6E58DC2A}
		{E17F11AC-3824-4CB1-8244-CE590EB58F6D} = {B870EC59-8CAE-455D-A1CC-9053B1C11E40}
		{90A13375-976A-4D35-889A-9477FC66AD45} = {D01FA748-198E-4BC1-A139-BA9EA4C26A85}
		{F557DDAA-BD4C-4030-810C-EACFF145662E} = {F79E57A5-BF90-4B2C-B4E6-DEE0DD91543C}
		{AF396F87-5FBC-463D-8AB9-6406CBB230E6} = {F557DDAA-BD4C-4030-810C-EACFF145662E}
		{60623E83-15F5-49C6-93E5-272E35CD25DC} = {F557DDAA-BD4C-4030-810C-EACFF145662E}
		{D1D97DDA-1234-4DA7-9412-5B3722D55767} = {F557DDAA-BD4C-4030-810C-EACFF145662E}
		{28621008-5627-419D-834E-5D1FDBEA5180} = {F79E57A5-BF90-4B2C-B4E6-DEE0DD91543C}
		{73E32360-E4E1-4A01-872A-E0E26B4DC0FE} = {28621008-5627-419D-834E-5D1FDBEA5180}
		{9392281D-353D-4912-A98C-2E13B745791B} = {28621008-5627-419D-834E-5D1FDBEA5180}
		{878915C3-A907-465B-AC80-6F146A7ADE17} = {28621008-5627-419D-834E-5D1FDBEA5180}
		{9F355E26-B837-48DA-B32B-E7CD0829CDEA} = {5A06252B-6314-4716-8D0D-15C2D5E7B85F}
		{F0A5255C-317E-4D42-86C3-EF7522C50B1B} = {5A06252B-6314-4716-8D0D-15C2D5E7B85F}
		{E1CA5FD5-5449-475B-A69A-026A6B3C03E6} = {D01FA748-198E-4BC1-A139-BA9EA4C26A85}
		{E3C9EA18-F3B5-4E39-89AB-020A3CC366EB} = {E1CA5FD5-5449-475B-A69A-026A6B3C03E6}
		{2949750E-3F3B-427E-A44F-25ECCC36C3B0} = {F79E57A5-BF90-4B2C-B4E6-DEE0DD91543C}
		{B9F1CD61-0C33-4B49-BD33-7985D93CD12C} = {2949750E-3F3B-427E-A44F-25ECCC36C3B0}
		{ACA83C14-513C-40D1-9940-67A97E1662A2} = {2949750E-3F3B-427E-A44F-25ECCC36C3B0}
		{FB59696F-640B-45C3-A707-D536050F1FC2} = {2949750E-3F3B-427E-A44F-25ECCC36C3B0}
		{9E1EA788-415E-4341-88E2-65C5BFAF6290} = {90A13375-976A-4D35-889A-9477FC66AD45}
		{85C9E015-FB52-4199-AD39-ABA6EF64B0C0} = {90A13375-976A-4D35-889A-9477FC66AD45}
		{3378A501-7AA5-4BF5-84BD-DF9756F6868B} = {90A13375-976A-4D35-889A-9477FC66AD45}
	EndGlobalSection
	GlobalSection(ExtensibilityGlobals) = postSolution
		SolutionGuid = {DFBD108C-5B75-4224-B2C6-D701316D684C}
	EndGlobalSection
EndGlobal
